
Microsoft Visual Studio Solution File, Format Version 12.00
# Visual Studio Version 17
VisualStudioVersion = 17.1.32414.318
MinimumVisualStudioVersion = 10.0.40219.1
Project("{FAE04EC0-301F-11D3-BF4B-00C04F79EFBC}") = "Buoi17_First", "Buoi17_First\Buoi17_First.csproj", "{D8701D91-0E07-452A-89AB-50AAA7B191F6}"
EndProject
Global
	GlobalSection(SolutionConfigurationPlatforms) = preSolution
		Debug|Any CPU = Debug|Any CPU
		Release|Any CPU = Release|Any CPU
	EndGlobalSection
	GlobalSection(ProjectConfigurationPlatforms) = postSolution
		{D8701D91-0E07-452A-89AB-50AAA7B191F6}.Debug|Any CPU.ActiveCfg = Debug|Any CPU
		{D8701D91-0E07-452A-89AB-50AAA7B191F6}.Debug|Any CPU.Build.0 = Debug|Any CPU
		{D8701D91-0E07-452A-89AB-50AAA7B191F6}.Release|Any CPU.ActiveCfg = Release|Any CPU
		{D8701D91-0E07-452A-89AB-50AAA7B191F6}.Release|Any CPU.Build.0 = Release|Any CPU
	EndGlobalSection
	GlobalSection(SolutionProperties) = preSolution
		HideSolutionNode = FALSE
	EndGlobalSection
	GlobalSection(ExtensibilityGlobals) = postSolution
		SolutionGuid = {F8785BED-BA30-4034-A891-5102C9B311F4}
	EndGlobalSection
EndGlobal
